
Microsoft Visual Studio Solution File, Format Version 12.00
# Visual Studio Version 16
VisualStudioVersion = 16.0.30907.101
MinimumVisualStudioVersion = 10.0.40219.1
Project("{FAE04EC0-301F-11D3-BF4B-00C04F79EFBC}") = "csharper", "csharper\csharper.csproj", "{884DE38E-9EDA-4F1A-95EC-1C4F9CFE9D3D}"
EndProject
Global
	GlobalSection(SolutionConfigurationPlatforms) = preSolution
		Debug|Any CPU = Debug|Any CPU
		Release|Any CPU = Release|Any CPU
	EndGlobalSection
	GlobalSection(ProjectConfigurationPlatforms) = postSolution
		{884DE38E-9EDA-4F1A-95EC-1C4F9CFE9D3D}.Debug|Any CPU.ActiveCfg = Debug|Any CPU
		{884DE38E-9EDA-4F1A-95EC-1C4F9CFE9D3D}.Debug|Any CPU.Build.0 = Debug|Any CPU
		{884DE38E-9EDA-4F1A-95EC-1C4F9CFE9D3D}.Release|Any CPU.ActiveCfg = Release|Any CPU
		{884DE38E-9EDA-4F1A-95EC-1C4F9CFE9D3D}.Release|Any CPU.Build.0 = Release|Any CPU
	EndGlobalSection
	GlobalSection(SolutionProperties) = preSolution
		HideSolutionNode = FALSE
	EndGlobalSection
	GlobalSection(ExtensibilityGlobals) = postSolution
		SolutionGuid = {2652DB57-520D-4198-9B14-8D050AF10EDC}
	EndGlobalSection
EndGlobal
